
Microsoft Visual Studio Solution File, Format Version 12.00
# Visual Studio Version 17
VisualStudioVersion = 17.2.32516.85
MinimumVisualStudioVersion = 10.0.40219.1
Project("{9A19103F-16F7-4668-BE54-9A1E7A4F7556}") = "UnitTest_API", "UnitTest_API\UnitTest_API.csproj", "{A992DC55-979C-4360-8A35-2A439B390205}"
EndProject
Project("{FAE04EC0-301F-11D3-BF4B-00C04F79EFBC}") = "web-api-tests", "web-api-tests\web-api-tests.csproj", "{ED365807-63AD-40A9-B95F-FD5250501315}"
EndProject
Global
	GlobalSection(SolutionConfigurationPlatforms) = preSolution
		Debug|Any CPU = Debug|Any CPU
		Release|Any CPU = Release|Any CPU
	EndGlobalSection
	GlobalSection(ProjectConfigurationPlatforms) = postSolution
		{A992DC55-979C-4360-8A35-2A439B390205}.Debug|Any CPU.ActiveCfg = Debug|Any CPU
		{A992DC55-979C-4360-8A35-2A439B390205}.Debug|Any CPU.Build.0 = Debug|Any CPU
		{A992DC55-979C-4360-8A35-2A439B390205}.Release|Any CPU.ActiveCfg = Release|Any CPU
		{A992DC55-979C-4360-8A35-2A439B390205}.Release|Any CPU.Build.0 = Release|Any CPU
		{ED365807-63AD-40A9-B95F-FD5250501315}.Debug|Any CPU.ActiveCfg = Debug|Any CPU
		{ED365807-63AD-40A9-B95F-FD5250501315}.Debug|Any CPU.Build.0 = Debug|Any CPU
		{ED365807-63AD-40A9-B95F-FD5250501315}.Release|Any CPU.ActiveCfg = Release|Any CPU
		{ED365807-63AD-40A9-B95F-FD5250501315}.Release|Any CPU.Build.0 = Release|Any CPU
	EndGlobalSection
	GlobalSection(SolutionProperties) = preSolution
		HideSolutionNode = FALSE
	EndGlobalSection
	GlobalSection(ExtensibilityGlobals) = postSolution
		SolutionGuid = {1B47E37C-AD59-4310-9589-F7799B4335E2}
	EndGlobalSection
EndGlobal
